// !$*UTF8*$!
{
	archiveVersion = 1;
	classes = {
	};
	objectVersion = 46;
	objects = {

/* Begin PBXBuildFile section */
		F8456F41187B10FA0001BECA /* Foundation.framework in Frameworks */ = {isa = PBXBuildFile; fileRef = F8456F40187B10FA0001BECA /* Foundation.framework */; };
		F8456F43187B10FA0001BECA /* CoreGraphics.framework in Frameworks */ = {isa = PBXBuildFile; fileRef = F8456F42187B10FA0001BECA /* CoreGraphics.framework */; };
		F8456F45187B10FA0001BECA /* UIKit.framework in Frameworks */ = {isa = PBXBuildFile; fileRef = F8456F44187B10FA0001BECA /* UIKit.framework */; };
		F8456F4B187B10FA0001BECA /* InfoPlist.strings in Resources */ = {isa = PBXBuildFile; fileRef = F8456F49187B10FA0001BECA /* InfoPlist.strings */; };
		F8456F4D187B10FA0001BECA /* main.m in Sources */ = {isa = PBXBuildFile; fileRef = F8456F4C187B10FA0001BECA /* main.m */; };
		F8456F51187B10FA0001BECA /* AppDelegate.m in Sources */ = {isa = PBXBuildFile; fileRef = F8456F50187B10FA0001BECA /* AppDelegate.m */; };
		F8456F54187B10FA0001BECA /* Main.storyboard in Resources */ = {isa = PBXBuildFile; fileRef = F8456F52187B10FA0001BECA /* Main.storyboard */; };
		F8456F57187B10FA0001BECA /* ViewController.m in Sources */ = {isa = PBXBuildFile; fileRef = F8456F56187B10FA0001BECA /* ViewController.m */; };
		F8456F59187B10FA0001BECA /* Images.xcassets in Resources */ = {isa = PBXBuildFile; fileRef = F8456F58187B10FA0001BECA /* Images.xcassets */; };
		F8456F60187B10FA0001BECA /* XCTest.framework in Frameworks */ = {isa = PBXBuildFile; fileRef = F8456F5F187B10FA0001BECA /* XCTest.framework */; };
		F8456F61187B10FA0001BECA /* Foundation.framework in Frameworks */ = {isa = PBXBuildFile; fileRef = F8456F40187B10FA0001BECA /* Foundation.framework */; };
		F8456F62187B10FB0001BECA /* UIKit.framework in Frameworks */ = {isa = PBXBuildFile; fileRef = F8456F44187B10FA0001BECA /* UIKit.framework */; };
		F8456F6A187B10FB0001BECA /* InfoPlist.strings in Resources */ = {isa = PBXBuildFile; fileRef = F8456F68187B10FB0001BECA /* InfoPlist.strings */; };
		F8456F6C187B10FB0001BECA /* WebViewTests.m in Sources */ = {isa = PBXBuildFile; fileRef = F8456F6B187B10FB0001BECA /* WebViewTests.m */; };
/* End PBXBuildFile section */

/* Begin PBXContainerItemProxy section */
		F8456F63187B10FB0001BECA /* PBXContainerItemProxy */ = {
			isa = PBXContainerItemProxy;
			containerPortal = F8456F35187B10FA0001BECA /* Project object */;
			proxyType = 1;
			remoteGlobalIDString = F8456F3C187B10FA0001BECA;
			remoteInfo = WebView;
		};
/* End PBXContainerItemProxy section */

/* Begin PBXFileReference section */
		F8456F3D187B10FA0001BECA /* WebView.app */ = {isa = PBXFileReference; explicitFileType = wrapper.application; includeInIndex = 0; path = WebView.app; sourceTree = BUILT_PRODUCTS_DIR; };
		F8456F40187B10FA0001BECA /* Foundation.framework */ = {isa = PBXFileReference; lastKnownFileType = wrapper.framework; name = Foundation.framework; path = System/Library/Frameworks/Foundation.framework; sourceTree = SDKROOT; };
		F8456F42187B10FA0001BECA /* CoreGraphics.framework */ = {isa = PBXFileReference; lastKnownFileType = wrapper.framework; name = CoreGraphics.framework; path = System/Library/Frameworks/CoreGraphics.framework; sourceTree = SDKROOT; };
		F8456F44187B10FA0001BECA /* UIKit.framework */ = {isa = PBXFileReference; lastKnownFileType = wrapper.framework; name = UIKit.framework; path = System/Library/Frameworks/UIKit.framework; sourceTree = SDKROOT; };
		F8456F48187B10FA0001BECA /* WebView-Info.plist */ = {isa = PBXFileReference; lastKnownFileType = text.plist.xml; path = "WebView-Info.plist"; sourceTree = "<group>"; };
		F8456F4A187B10FA0001BECA /* en */ = {isa = PBXFileReference; lastKnownFileType = text.plist.strings; name = en; path = en.lproj/InfoPlist.strings; sourceTree = "<group>"; };
		F8456F4C187B10FA0001BECA /* main.m */ = {isa = PBXFileReference; lastKnownFileType = sourcecode.c.objc; path = main.m; sourceTree = "<group>"; };
		F8456F4E187B10FA0001BECA /* WebView-Prefix.pch */ = {isa = PBXFileReference; lastKnownFileType = sourcecode.c.h; path = "WebView-Prefix.pch"; sourceTree = "<group>"; };
		F8456F4F187B10FA0001BECA /* AppDelegate.h */ = {isa = PBXFileReference; lastKnownFileType = sourcecode.c.h; path = AppDelegate.h; sourceTree = "<group>"; };
		F8456F50187B10FA0001BECA /* AppDelegate.m */ = {isa = PBXFileReference; lastKnownFileType = sourcecode.c.objc; path = AppDelegate.m; sourceTree = "<group>"; };
		F8456F53187B10FA0001BECA /* Base */ = {isa = PBXFileReference; lastKnownFileType = file.storyboard; name = Base; path = Base.lproj/Main.storyboard; sourceTree = "<group>"; };
		F8456F55187B10FA0001BECA /* ViewController.h */ = {isa = PBXFileReference; lastKnownFileType = sourcecode.c.h; path = ViewController.h; sourceTree = "<group>"; };
		F8456F56187B10FA0001BECA /* ViewController.m */ = {isa = PBXFileReference; lastKnownFileType = sourcecode.c.objc; path = ViewController.m; sourceTree = "<group>"; };
		F8456F58187B10FA0001BECA /* Images.xcassets */ = {isa = PBXFileReference; lastKnownFileType = folder.assetcatalog; path = Images.xcassets; sourceTree = "<group>"; };
		F8456F5E187B10FA0001BECA /* WebViewTests.xctest */ = {isa = PBXFileReference; explicitFileType = wrapper.cfbundle; includeInIndex = 0; path = WebViewTests.xctest; sourceTree = BUILT_PRODUCTS_DIR; };
		F8456F5F187B10FA0001BECA /* XCTest.framework */ = {isa = PBXFileReference; lastKnownFileType = wrapper.framework; name = XCTest.framework; path = Library/Frameworks/XCTest.framework; sourceTree = DEVELOPER_DIR; };
		F8456F67187B10FB0001BECA /* WebViewTests-Info.plist */ = {isa = PBXFileReference; lastKnownFileType = text.plist.xml; path = "WebViewTests-Info.plist"; sourceTree = "<group>"; };
		F8456F69187B10FB0001BECA /* en */ = {isa = PBXFileReference; lastKnownFileType = text.plist.strings; name = en; path = en.lproj/InfoPlist.strings; sourceTree = "<group>"; };
		F8456F6B187B10FB0001BECA /* WebViewTests.m */ = {isa = PBXFileReference; lastKnownFileType = sourcecode.c.objc; path = WebViewTests.m; sourceTree = "<group>"; };
/* End PBXFileReference section */

/* Begin PBXFrameworksBuildPhase section */
		F8456F3A187B10FA0001BECA /* Frameworks */ = {
			isa = PBXFrameworksBuildPhase;
			buildActionMask = 2147483647;
			files = (
				F8456F43187B10FA0001BECA /* CoreGraphics.framework in Frameworks */,
				F8456F45187B10FA0001BECA /* UIKit.framework in Frameworks */,
				F8456F41187B10FA0001BECA /* Foundation.framework in Frameworks */,
			);
			runOnlyForDeploymentPostprocessing = 0;
		};
		F8456F5B187B10FA0001BECA /* Frameworks */ = {
			isa = PBXFrameworksBuildPhase;
			buildActionMask = 2147483647;
			files = (
				F8456F60187B10FA0001BECA /* XCTest.framework in Frameworks */,
				F8456F62187B10FB0001BECA /* UIKit.framework in Frameworks */,
				F8456F61187B10FA0001BECA /* Foundation.framework in Frameworks */,
			);
			runOnlyForDeploymentPostprocessing = 0;
		};
/* End PBXFrameworksBuildPhase section */

/* Begin PBXGroup section */
		F8456F34187B10FA0001BECA = {
			isa = PBXGroup;
			children = (
				F8456F46187B10FA0001BECA /* WebView */,
				F8456F65187B10FB0001BECA /* WebViewTests */,
				F8456F3F187B10FA0001BECA /* Frameworks */,
				F8456F3E187B10FA0001BECA /* Products */,
			);
			sourceTree = "<group>";
		};
		F8456F3E187B10FA0001BECA /* Products */ = {
			isa = PBXGroup;
			children = (
				F8456F3D187B10FA0001BECA /* WebView.app */,
				F8456F5E187B10FA0001BECA /* WebViewTests.xctest */,
			);
			name = Products;
			sourceTree = "<group>";
		};
		F8456F3F187B10FA0001BECA /* Frameworks */ = {
			isa = PBXGroup;
			children = (
				F8456F40187B10FA0001BECA /* Foundation.framework */,
				F8456F42187B10FA0001BECA /* CoreGraphics.framework */,
				F8456F44187B10FA0001BECA /* UIKit.framework */,
				F8456F5F187B10FA0001BECA /* XCTest.framework */,
			);
			name = Frameworks;
			sourceTree = "<group>";
		};
		F8456F46187B10FA0001BECA /* WebView */ = {
			isa = PBXGroup;
			children = (
				F8456F4F187B10FA0001BECA /* AppDelegate.h */,
				F8456F50187B10FA0001BECA /* AppDelegate.m */,
				F8456F52187B10FA0001BECA /* Main.storyboard */,
				F8456F55187B10FA0001BECA /* ViewController.h */,
				F8456F56187B10FA0001BECA /* ViewController.m */,
				F8456F58187B10FA0001BECA /* Images.xcassets */,
				F8456F47187B10FA0001BECA /* Supporting Files */,
			);
			path = WebView;
			sourceTree = "<group>";
		};
		F8456F47187B10FA0001BECA /* Supporting Files */ = {
			isa = PBXGroup;
			children = (
				F8456F48187B10FA0001BECA /* WebView-Info.plist */,
				F8456F49187B10FA0001BECA /* InfoPlist.strings */,
				F8456F4C187B10FA0001BECA /* main.m */,
				F8456F4E187B10FA0001BECA /* WebView-Prefix.pch */,
			);
			name = "Supporting Files";
			sourceTree = "<group>";
		};
		F8456F65187B10FB0001BECA /* WebViewTests */ = {
			isa = PBXGroup;
			children = (
				F8456F6B187B10FB0001BECA /* WebViewTests.m */,
				F8456F66187B10FB0001BECA /* Supporting Files */,
			);
			path = WebViewTests;
			sourceTree = "<group>";
		};
		F8456F66187B10FB0001BECA /* Supporting Files */ = {
			isa = PBXGroup;
			children = (
				F8456F67187B10FB0001BECA /* WebViewTests-Info.plist */,
				F8456F68187B10FB0001BECA /* InfoPlist.strings */,
			);
			name = "Supporting Files";
			sourceTree = "<group>";
		};
/* End PBXGroup section */

/* Begin PBXNativeTarget section */
		F8456F3C187B10FA0001BECA /* WebView */ = {
			isa = PBXNativeTarget;
			buildConfigurationList = F8456F6F187B10FB0001BECA /* Build configuration list for PBXNativeTarget "WebView" */;
			buildPhases = (
				F8456F39187B10FA0001BECA /* Sources */,
				F8456F3A187B10FA0001BECA /* Frameworks */,
				F8456F3B187B10FA0001BECA /* Resources */,
			);
			buildRules = (
			);
			dependencies = (
			);
			name = WebView;
			productName = WebView;
			productReference = F8456F3D187B10FA0001BECA /* WebView.app */;
			productType = "com.apple.product-type.application";
		};
		F8456F5D187B10FA0001BECA /* WebViewTests */ = {
			isa = PBXNativeTarget;
			buildConfigurationList = F8456F72187B10FB0001BECA /* Build configuration list for PBXNativeTarget "WebViewTests" */;
			buildPhases = (
				F8456F5A187B10FA0001BECA /* Sources */,
				F8456F5B187B10FA0001BECA /* Frameworks */,
				F8456F5C187B10FA0001BECA /* Resources */,
			);
			buildRules = (
			);
			dependencies = (
				F8456F64187B10FB0001BECA /* PBXTargetDependency */,
			);
			name = WebViewTests;
			productName = WebViewTests;
			productReference = F8456F5E187B10FA0001BECA /* WebViewTests.xctest */;
			productType = "com.apple.product-type.bundle.unit-test";
		};
/* End PBXNativeTarget section */

/* Begin PBXProject section */
		F8456F35187B10FA0001BECA /* Project object */ = {
			isa = PBXProject;
			attributes = {
				LastUpgradeCheck = 0500;
				ORGANIZATIONNAME = "In Chung Yeul";
				TargetAttributes = {
					F8456F5D187B10FA0001BECA = {
						TestTargetID = F8456F3C187B10FA0001BECA;
					};
				};
			};
			buildConfigurationList = F8456F38187B10FA0001BECA /* Build configuration list for PBXProject "WebView" */;
			compatibilityVersion = "Xcode 3.2";
			developmentRegion = English;
			hasScannedForEncodings = 0;
			knownRegions = (
				en,
				Base,
			);
			mainGroup = F8456F34187B10FA0001BECA;
			productRefGroup = F8456F3E187B10FA0001BECA /* Products */;
			projectDirPath = "";
			projectRoot = "";
			targets = (
				F8456F3C187B10FA0001BECA /* WebView */,
				F8456F5D187B10FA0001BECA /* WebViewTests */,
			);
		};
/* End PBXProject section */

/* Begin PBXResourcesBuildPhase section */
		F8456F3B187B10FA0001BECA /* Resources */ = {
			isa = PBXResourcesBuildPhase;
			buildActionMask = 2147483647;
			files = (
				F8456F59187B10FA0001BECA /* Images.xcassets in Resources */,
				F8456F4B187B10FA0001BECA /* InfoPlist.strings in Resources */,
				F8456F54187B10FA0001BECA /* Main.storyboard in Resources */,
			);
			runOnlyForDeploymentPostprocessing = 0;
		};
		F8456F5C187B10FA0001BECA /* Resources */ = {
			isa = PBXResourcesBuildPhase;
			buildActionMask = 2147483647;
			files = (
				F8456F6A187B10FB0001BECA /* InfoPlist.strings in Resources */,
			);
			runOnlyForDeploymentPostprocessing = 0;
		};
/* End PBXResourcesBuildPhase section */

/* Begin PBXSourcesBuildPhase section */
		F8456F39187B10FA0001BECA /* Sources */ = {
			isa = PBXSourcesBuildPhase;
			buildActionMask = 2147483647;
			files = (
				F8456F57187B10FA0001BECA /* ViewController.m in Sources */,
				F8456F51187B10FA0001BECA /* AppDelegate.m in Sources */,
				F8456F4D187B10FA0001BECA /* main.m in Sources */,
			);
			runOnlyForDeploymentPostprocessing = 0;
		};
		F8456F5A187B10FA0001BECA /* Sources */ = {
			isa = PBXSourcesBuildPhase;
			buildActionMask = 2147483647;
			files = (
				F8456F6C187B10FB0001BECA /* WebViewTests.m in Sources */,
			);
			runOnlyForDeploymentPostprocessing = 0;
		};
/* End PBXSourcesBuildPhase section */

/* Begin PBXTargetDependency section */
		F8456F64187B10FB0001BECA /* PBXTargetDependency */ = {
			isa = PBXTargetDependency;
			target = F8456F3C187B10FA0001BECA /* WebView */;
			targetProxy = F8456F63187B10FB0001BECA /* PBXContainerItemProxy */;
		};
/* End PBXTargetDependency section */

/* Begin PBXVariantGroup section */
		F8456F49187B10FA0001BECA /* InfoPlist.strings */ = {
			isa = PBXVariantGroup;
			children = (
				F8456F4A187B10FA0001BECA /* en */,
			);
			name = InfoPlist.strings;
			sourceTree = "<group>";
		};
		F8456F52187B10FA0001BECA /* Main.storyboard */ = {
			isa = PBXVariantGroup;
			children = (
				F8456F53187B10FA0001BECA /* Base */,
			);
			name = Main.storyboard;
			sourceTree = "<group>";
		};
		F8456F68187B10FB0001BECA /* InfoPlist.strings */ = {
			isa = PBXVariantGroup;
			children = (
				F8456F69187B10FB0001BECA /* en */,
			);
			name = InfoPlist.strings;
			sourceTree = "<group>";
		};
/* End PBXVariantGroup section */

/* Begin XCBuildConfiguration section */
		F8456F6D187B10FB0001BECA /* Debug */ = {
			isa = XCBuildConfiguration;
			buildSettings = {
				ALWAYS_SEARCH_USER_PATHS = NO;
				ARCHS = "$(ARCHS_STANDARD_INCLUDING_64_BIT)";
				CLANG_CXX_LANGUAGE_STANDARD = "gnu++0x";
				CLANG_CXX_LIBRARY = "libc++";
				CLANG_ENABLE_MODULES = YES;
				CLANG_ENABLE_OBJC_ARC = YES;
				CLANG_WARN_BOOL_CONVERSION = YES;
				CLANG_WARN_CONSTANT_CONVERSION = YES;
				CLANG_WARN_DIRECT_OBJC_ISA_USAGE = YES_ERROR;
				CLANG_WARN_EMPTY_BODY = YES;
				CLANG_WARN_ENUM_CONVERSION = YES;
				CLANG_WARN_INT_CONVERSION = YES;
				CLANG_WARN_OBJC_ROOT_CLASS = YES_ERROR;
				CLANG_WARN__DUPLICATE_METHOD_MATCH = YES;
				"CODE_SIGN_IDENTITY[sdk=iphoneos*]" = "iPhone Developer";
				COPY_PHASE_STRIP = NO;
				GCC_C_LANGUAGE_STANDARD = gnu99;
				GCC_DYNAMIC_NO_PIC = NO;
				GCC_OPTIMIZATION_LEVEL = 0;
				GCC_PREPROCESSOR_DEFINITIONS = (
					"DEBUG=1",
					"$(inherited)",
				);
				GCC_SYMBOLS_PRIVATE_EXTERN = NO;
				GCC_WARN_64_TO_32_BIT_CONVERSION = YES;
				GCC_WARN_ABOUT_RETURN_TYPE = YES_ERROR;
				GCC_WARN_UNDECLARED_SELECTOR = YES;
				GCC_WARN_UNINITIALIZED_AUTOS = YES;
				GCC_WARN_UNUSED_FUNCTION = YES;
				GCC_WARN_UNUSED_VARIABLE = YES;
				IPHONEOS_DEPLOYMENT_TARGET = 7.0;
				ONLY_ACTIVE_ARCH = YES;
				SDKROOT = iphoneos;
			};
			name = Debug;
		};
		F8456F6E187B10FB0001BECA /* Release */ = {
			isa = XCBuildConfiguration;
			buildSettings = {
				ALWAYS_SEARCH_USER_PATHS = NO;
				ARCHS = "$(ARCHS_STANDARD_INCLUDING_64_BIT)";
				CLANG_CXX_LANGUAGE_STANDARD = "gnu++0x";
				CLANG_CXX_LIBRARY = "libc++";
				CLANG_ENABLE_MODULES = YES;
				CLANG_ENABLE_OBJC_ARC = YES;
				CLANG_WARN_BOOL_CONVERSION = YES;
				CLANG_WARN_CONSTANT_CONVERSION = YES;
				CLANG_WARN_DIRECT_OBJC_ISA_USAGE = YES_ERROR;
				CLANG_WARN_EMPTY_BODY = YES;
				CLANG_WARN_ENUM_CONVERSION = YES;
				CLANG_WARN_INT_CONVERSION = YES;
				CLANG_WARN_OBJC_ROOT_CLASS = YES_ERROR;
				CLANG_WARN__DUPLICATE_METHOD_MATCH = YES;
				"CODE_SIGN_IDENTITY[sdk=iphoneos*]" = "iPhone Developer";
				COPY_PHASE_STRIP = YES;
				ENABLE_NS_ASSERTIONS = NO;
				GCC_C_LANGUAGE_STANDARD = gnu99;
				GCC_WARN_64_TO_32_BIT_CONVERSION = YES;
				GCC_WARN_ABOUT_RETURN_TYPE = YES_ERROR;
				GCC_WARN_UNDECLARED_SELECTOR = YES;
				GCC_WARN_UNINITIALIZED_AUTOS = YES;
				GCC_WARN_UNUSED_FUNCTION = YES;
				GCC_WARN_UNUSED_VARIABLE = YES;
				IPHONEOS_DEPLOYMENT_TARGET = 7.0;
				SDKROOT = iphoneos;
				VALIDATE_PRODUCT = YES;
			};
			name = Release;
		};
		F8456F70187B10FB0001BECA /* Debug */ = {
			isa = XCBuildConfiguration;
			buildSettings = {
				ASSETCATALOG_COMPILER_APPICON_NAME = AppIcon;
				ASSETCATALOG_COMPILER_LAUNCHIMAGE_NAME = LaunchImage;
				GCC_PRECOMPILE_PREFIX_HEADER = YES;
				GCC_PREFIX_HEADER = "WebView/WebView-Prefix.pch";
				INFOPLIST_FILE = "WebView/WebView-Info.plist";
				PRODUCT_NAME = "$(TARGET_NAME)";
				WRAPPER_EXTENSION = app;
			};
			name = Debug;
		};
		F8456F71187B10FB0001BECA /* Release */ = {
			isa = XCBuildConfiguration;
			buildSettings = {
				ASSETCATALOG_COMPILER_APPICON_NAME = AppIcon;
				ASSETCATALOG_COMPILER_LAUNCHIMAGE_NAME = LaunchImage;
				GCC_PRECOMPILE_PREFIX_HEADER = YES;
				GCC_PREFIX_HEADER = "WebView/WebView-Prefix.pch";
				INFOPLIST_FILE = "WebView/WebView-Info.plist";
				PRODUCT_NAME = "$(TARGET_NAME)";
				WRAPPER_EXTENSION = app;
			};
			name = Release;
		};
		F8456F73187B10FB0001BECA /* Debug */ = {
			isa = XCBuildConfiguration;
			buildSettings = {
				ARCHS = "$(ARCHS_STANDARD_INCLUDING_64_BIT)";
				BUNDLE_LOADER = "$(BUILT_PRODUCTS_DIR)/WebView.app/WebView";
				FRAMEWORK_SEARCH_PATHS = (
					"$(SDKROOT)/Developer/Library/Frameworks",
					"$(inherited)",
					"$(DEVELOPER_FRAMEWORKS_DIR)",
				);
				GCC_PRECOMPILE_PREFIX_HEADER = YES;
				GCC_PREFIX_HEADER = "WebView/WebView-Prefix.pch";
				GCC_PREPROCESSOR_DEFINITIONS = (
					"DEBUG=1",
					"$(inherited)",
				);
				INFOPLIST_FILE = "WebViewTests/WebViewTests-Info.plist";
				PRODUCT_NAME = "$(TARGET_NAME)";
				TEST_HOST = "$(BUNDLE_LOADER)";
				WRAPPER_EXTENSION = xctest;
			};
			name = Debug;
		};
		F8456F74187B10FB0001BECA /* Release */ = {
			isa = XCBuildConfiguration;
			buildSettings = {
				ARCHS = "$(ARCHS_STANDARD_INCLUDING_64_BIT)";
				BUNDLE_LOADER = "$(BUILT_PRODUCTS_DIR)/WebView.app/WebView";
				FRAMEWORK_SEARCH_PATHS = (
					"$(SDKROOT)/Developer/Library/Frameworks",
					"$(inherited)",
					"$(DEVELOPER_FRAMEWORKS_DIR)",
				);
				GCC_PRECOMPILE_PREFIX_HEADER = YES;
				GCC_PREFIX_HEADER = "WebView/WebView-Prefix.pch";
				INFOPLIST_FILE = "WebViewTests/WebViewTests-Info.plist";
				PRODUCT_NAME = "$(TARGET_NAME)";
				TEST_HOST = "$(BUNDLE_LOADER)";
				WRAPPER_EXTENSION = xctest;
			};
			name = Release;
		};
/* End XCBuildConfiguration section */

/* Begin XCConfigurationList section */
		F8456F38187B10FA0001BECA /* Build configuration list for PBXProject "WebView" */ = {
			isa = XCConfigurationList;
			buildConfigurations = (
				F8456F6D187B10FB0001BECA /* Debug */,
				F8456F6E187B10FB0001BECA /* Release */,
			);
			defaultConfigurationIsVisible = 0;
			defaultConfigurationName = Release;
		};
		F8456F6F187B10FB0001BECA /* Build configuration list for PBXNativeTarget "WebView" */ = {
			isa = XCConfigurationList;
			buildConfigurations = (
				F8456F70187B10FB0001BECA /* Debug */,
				F8456F71187B10FB0001BECA /* Release */,
			);
			defaultConfigurationIsVisible = 0;
		};
		F8456F72187B10FB0001BECA /* Build configuration list for PBXNativeTarget "WebViewTests" */ = {
			isa = XCConfigurationList;
			buildConfigurations = (
				F8456F73187B10FB0001BECA /* Debug */,
				F8456F74187B10FB0001BECA /* Release */,
			);
			defaultConfigurationIsVisible = 0;
		};
/* End XCConfigurationList section */
	};
	rootObject = F8456F35187B10FA0001BECA /* Project object */;
}
